// !$*UTF8*$!
{
	archiveVersion = 1;
	classes = {
	};
	objectVersion = 50;
	objects = {

/* Begin PBXBuildFile section */
		547FF023FAD36E883198353C /* Pods_Credential.framework in Frameworks */ = {isa = PBXBuildFile; fileRef = 4907AFF12DA5630E6C4B9F6E /* Pods_Credential.framework */; };
		63B304B3216D58400062D8F2 /* Credential.swift in Sources */ = {isa = PBXBuildFile; fileRef = 63B304B2216D58400062D8F2 /* Credential.swift */; };
		63B304BC216D637E0062D8F2 /* libresolv.tbd in Frameworks */ = {isa = PBXBuildFile; fileRef = 63B304BB216D637E0062D8F2 /* libresolv.tbd */; };
/* End PBXBuildFile section */

/* Begin PBXCopyFilesBuildPhase section */
		63B304AD216D58400062D8F2 /* CopyFiles */ = {
			isa = PBXCopyFilesBuildPhase;
			buildActionMask = 2147483647;
			dstPath = "include/$(PRODUCT_NAME)";
			dstSubfolderSpec = 16;
			files = (
			);
			runOnlyForDeploymentPostprocessing = 0;
		};
/* End PBXCopyFilesBuildPhase section */

/* Begin PBXFileReference section */
		4907AFF12DA5630E6C4B9F6E /* Pods_Credential.framework */ = {isa = PBXFileReference; explicitFileType = wrapper.framework; includeInIndex = 0; path = Pods_Credential.framework; sourceTree = BUILT_PRODUCTS_DIR; };
		63B304AF216D58400062D8F2 /* libCredential.a */ = {isa = PBXFileReference; explicitFileType = archive.ar; includeInIndex = 0; path = libCredential.a; sourceTree = BUILT_PRODUCTS_DIR; };
		63B304B2216D58400062D8F2 /* Credential.swift */ = {isa = PBXFileReference; lastKnownFileType = sourcecode.swift; path = Credential.swift; sourceTree = "<group>"; };
		63B304BB216D637E0062D8F2 /* libresolv.tbd */ = {isa = PBXFileReference; lastKnownFileType = "sourcecode.text-based-dylib-definition"; name = libresolv.tbd; path = usr/lib/libresolv.tbd; sourceTree = SDKROOT; };
		63B304BE216D679A0062D8F2 /* credential-bridging-header.h */ = {isa = PBXFileReference; lastKnownFileType = sourcecode.c.h; name = "credential-bridging-header.h"; path = "Credential/credential-bridging-header.h"; sourceTree = "<group>"; };
		63B304C0216D86D70062D8F2 /* libcredential.a */ = {isa = PBXFileReference; lastKnownFileType = archive.ar; name = libcredential.a; path = Credential.xcodeproj/../../../ffi/target/universal/release/libcredential.a; sourceTree = "<group>"; };
		63B304C1216D886D0062D8F2 /* credential.h */ = {isa = PBXFileReference; fileEncoding = 4; lastKnownFileType = sourcecode.c.h; path = credential.h; sourceTree = "<group>"; };
		9FB079DF6D3BE960B623B30E /* Pods-Credential.release.xcconfig */ = {isa = PBXFileReference; includeInIndex = 1; lastKnownFileType = text.xcconfig; name = "Pods-Credential.release.xcconfig"; path = "Pods/Target Support Files/Pods-Credential/Pods-Credential.release.xcconfig"; sourceTree = "<group>"; };
		FA7B608EC2139B461D563E48 /* Pods-Credential.debug.xcconfig */ = {isa = PBXFileReference; includeInIndex = 1; lastKnownFileType = text.xcconfig; name = "Pods-Credential.debug.xcconfig"; path = "Pods/Target Support Files/Pods-Credential/Pods-Credential.debug.xcconfig"; sourceTree = "<group>"; };
/* End PBXFileReference section */

/* Begin PBXFrameworksBuildPhase section */
		63B304AC216D58400062D8F2 /* Frameworks */ = {
			isa = PBXFrameworksBuildPhase;
			buildActionMask = 2147483647;
			files = (
				63B304BC216D637E0062D8F2 /* libresolv.tbd in Frameworks */,
				547FF023FAD36E883198353C /* Pods_Credential.framework in Frameworks */,
			);
			runOnlyForDeploymentPostprocessing = 0;
		};
/* End PBXFrameworksBuildPhase section */

/* Begin PBXGroup section */
		357CCF00FEDB1C8FBFA7E616 /* Pods */ = {
			isa = PBXGroup;
			children = (
				FA7B608EC2139B461D563E48 /* Pods-Credential.debug.xcconfig */,
				9FB079DF6D3BE960B623B30E /* Pods-Credential.release.xcconfig */,
			);
			name = Pods;
			sourceTree = "<group>";
		};
		63B304A6216D58400062D8F2 = {
			isa = PBXGroup;
			children = (
				63B304BE216D679A0062D8F2 /* credential-bridging-header.h */,
				63B304C1216D886D0062D8F2 /* credential.h */,
				63B304B1216D58400062D8F2 /* Credential */,
				63B304B0216D58400062D8F2 /* Products */,
				357CCF00FEDB1C8FBFA7E616 /* Pods */,
				9C797F669CB53FD91DECD278 /* Frameworks */,
			);
			sourceTree = "<group>";
		};
		63B304B0216D58400062D8F2 /* Products */ = {
			isa = PBXGroup;
			children = (
				63B304AF216D58400062D8F2 /* libCredential.a */,
			);
			name = Products;
			sourceTree = "<group>";
		};
		63B304B1216D58400062D8F2 /* Credential */ = {
			isa = PBXGroup;
			children = (
				63B304B2216D58400062D8F2 /* Credential.swift */,
			);
			path = Credential;
			sourceTree = "<group>";
		};
		9C797F669CB53FD91DECD278 /* Frameworks */ = {
			isa = PBXGroup;
			children = (
				63B304BB216D637E0062D8F2 /* libresolv.tbd */,
				63B304C0216D86D70062D8F2 /* libcredential.a */,
				4907AFF12DA5630E6C4B9F6E /* Pods_Credential.framework */,
			);
			name = Frameworks;
			sourceTree = "<group>";
		};
/* End PBXGroup section */

/* Begin PBXNativeTarget section */
		63B304AE216D58400062D8F2 /* Credential */ = {
			isa = PBXNativeTarget;
			buildConfigurationList = 63B304B6216D58400062D8F2 /* Build configuration list for PBXNativeTarget "Credential" */;
			buildPhases = (
				02631547BBEDBA2B4AEF79F9 /* [CP] Check Pods Manifest.lock */,
				63B304AB216D58400062D8F2 /* Sources */,
				63B304AC216D58400062D8F2 /* Frameworks */,
				63B304AD216D58400062D8F2 /* CopyFiles */,
			);
			buildRules = (
			);
			dependencies = (
			);
			name = Credential;
			productName = Credential;
			productReference = 63B304AF216D58400062D8F2 /* libCredential.a */;
			productType = "com.apple.product-type.library.static";
		};
/* End PBXNativeTarget section */

/* Begin PBXProject section */
		63B304A7216D58400062D8F2 /* Project object */ = {
			isa = PBXProject;
			attributes = {
				LastSwiftUpdateCheck = 1000;
				LastUpgradeCheck = 1000;
				ORGANIZATIONNAME = Signal;
				TargetAttributes = {
					63B304AE216D58400062D8F2 = {
						CreatedOnToolsVersion = 10.0;
					};
				};
			};
			buildConfigurationList = 63B304AA216D58400062D8F2 /* Build configuration list for PBXProject "Credential" */;
			compatibilityVersion = "Xcode 9.3";
			developmentRegion = en;
			hasScannedForEncodings = 0;
			knownRegions = (
				en,
			);
			mainGroup = 63B304A6216D58400062D8F2;
			productRefGroup = 63B304B0216D58400062D8F2 /* Products */;
			projectDirPath = "";
			projectRoot = "";
			targets = (
				63B304AE216D58400062D8F2 /* Credential */,
			);
		};
/* End PBXProject section */

/* Begin PBXShellScriptBuildPhase section */
		02631547BBEDBA2B4AEF79F9 /* [CP] Check Pods Manifest.lock */ = {
			isa = PBXShellScriptBuildPhase;
			buildActionMask = 2147483647;
			files = (
			);
			inputPaths = (
				"${PODS_PODFILE_DIR_PATH}/Podfile.lock",
				"${PODS_ROOT}/Manifest.lock",
			);
			name = "[CP] Check Pods Manifest.lock";
			outputPaths = (
				"$(DERIVED_FILE_DIR)/Pods-Credential-checkManifestLockResult.txt",
			);
			runOnlyForDeploymentPostprocessing = 0;
			shellPath = /bin/sh;
			shellScript = "diff \"${PODS_PODFILE_DIR_PATH}/Podfile.lock\" \"${PODS_ROOT}/Manifest.lock\" > /dev/null\nif [ $? != 0 ] ; then\n    # print error to STDERR\n    echo \"error: The sandbox is not in sync with the Podfile.lock. Run 'pod install' or update your CocoaPods installation.\" >&2\n    exit 1\nfi\n# This output is used by Xcode 'outputs' to avoid re-running this script phase.\necho \"SUCCESS\" > \"${SCRIPT_OUTPUT_FILE_0}\"\n";
			showEnvVarsInLog = 0;
		};
/* End PBXShellScriptBuildPhase section */

/* Begin PBXSourcesBuildPhase section */
		63B304AB216D58400062D8F2 /* Sources */ = {
			isa = PBXSourcesBuildPhase;
			buildActionMask = 2147483647;
			files = (
				63B304B3216D58400062D8F2 /* Credential.swift in Sources */,
			);
			runOnlyForDeploymentPostprocessing = 0;
		};
/* End PBXSourcesBuildPhase section */

/* Begin XCBuildConfiguration section */
		63B304B4216D58400062D8F2 /* Debug */ = {
			isa = XCBuildConfiguration;
			buildSettings = {
				ALWAYS_SEARCH_USER_PATHS = NO;
				CLANG_ANALYZER_NONNULL = YES;
				CLANG_ANALYZER_NUMBER_OBJECT_CONVERSION = YES_AGGRESSIVE;
				CLANG_CXX_LANGUAGE_STANDARD = "gnu++14";
				CLANG_CXX_LIBRARY = "libc++";
				CLANG_ENABLE_MODULES = YES;
				CLANG_ENABLE_OBJC_ARC = YES;
				CLANG_ENABLE_OBJC_WEAK = YES;
				CLANG_WARN_BLOCK_CAPTURE_AUTORELEASING = YES;
				CLANG_WARN_BOOL_CONVERSION = YES;
				CLANG_WARN_COMMA = YES;
				CLANG_WARN_CONSTANT_CONVERSION = YES;
				CLANG_WARN_DEPRECATED_OBJC_IMPLEMENTATIONS = YES;
				CLANG_WARN_DIRECT_OBJC_ISA_USAGE = YES_ERROR;
				CLANG_WARN_DOCUMENTATION_COMMENTS = YES;
				CLANG_WARN_EMPTY_BODY = YES;
				CLANG_WARN_ENUM_CONVERSION = YES;
				CLANG_WARN_INFINITE_RECURSION = YES;
				CLANG_WARN_INT_CONVERSION = YES;
				CLANG_WARN_NON_LITERAL_NULL_CONVERSION = YES;
				CLANG_WARN_OBJC_IMPLICIT_RETAIN_SELF = YES;
				CLANG_WARN_OBJC_LITERAL_CONVERSION = YES;
				CLANG_WARN_OBJC_ROOT_CLASS = YES_ERROR;
				CLANG_WARN_RANGE_LOOP_ANALYSIS = YES;
				CLANG_WARN_STRICT_PROTOTYPES = YES;
				CLANG_WARN_SUSPICIOUS_MOVE = YES;
				CLANG_WARN_UNGUARDED_AVAILABILITY = YES_AGGRESSIVE;
				CLANG_WARN_UNREACHABLE_CODE = YES;
				CLANG_WARN__DUPLICATE_METHOD_MATCH = YES;
				CODE_SIGN_IDENTITY = "iPhone Developer";
				COPY_PHASE_STRIP = NO;
				DEBUG_INFORMATION_FORMAT = dwarf;
				ENABLE_STRICT_OBJC_MSGSEND = YES;
				ENABLE_TESTABILITY = YES;
				GCC_C_LANGUAGE_STANDARD = gnu11;
				GCC_DYNAMIC_NO_PIC = NO;
				GCC_NO_COMMON_BLOCKS = YES;
				GCC_OPTIMIZATION_LEVEL = 0;
				GCC_PREPROCESSOR_DEFINITIONS = (
					"DEBUG=1",
					"$(inherited)",
				);
				GCC_WARN_64_TO_32_BIT_CONVERSION = YES;
				GCC_WARN_ABOUT_RETURN_TYPE = YES_ERROR;
				GCC_WARN_UNDECLARED_SELECTOR = YES;
				GCC_WARN_UNINITIALIZED_AUTOS = YES_AGGRESSIVE;
				GCC_WARN_UNUSED_FUNCTION = YES;
				GCC_WARN_UNUSED_VARIABLE = YES;
				IPHONEOS_DEPLOYMENT_TARGET = 12.0;
				MTL_ENABLE_DEBUG_INFO = INCLUDE_SOURCE;
				MTL_FAST_MATH = YES;
				ONLY_ACTIVE_ARCH = YES;
				SDKROOT = iphoneos;
				SWIFT_ACTIVE_COMPILATION_CONDITIONS = DEBUG;
				SWIFT_OPTIMIZATION_LEVEL = "-Onone";
			};
			name = Debug;
		};
		63B304B5216D58400062D8F2 /* Release */ = {
			isa = XCBuildConfiguration;
			buildSettings = {
				ALWAYS_SEARCH_USER_PATHS = NO;
				CLANG_ANALYZER_NONNULL = YES;
				CLANG_ANALYZER_NUMBER_OBJECT_CONVERSION = YES_AGGRESSIVE;
				CLANG_CXX_LANGUAGE_STANDARD = "gnu++14";
				CLANG_CXX_LIBRARY = "libc++";
				CLANG_ENABLE_MODULES = YES;
				CLANG_ENABLE_OBJC_ARC = YES;
				CLANG_ENABLE_OBJC_WEAK = YES;
				CLANG_WARN_BLOCK_CAPTURE_AUTORELEASING = YES;
				CLANG_WARN_BOOL_CONVERSION = YES;
				CLANG_WARN_COMMA = YES;
				CLANG_WARN_CONSTANT_CONVERSION = YES;
				CLANG_WARN_DEPRECATED_OBJC_IMPLEMENTATIONS = YES;
				CLANG_WARN_DIRECT_OBJC_ISA_USAGE = YES_ERROR;
				CLANG_WARN_DOCUMENTATION_COMMENTS = YES;
				CLANG_WARN_EMPTY_BODY = YES;
				CLANG_WARN_ENUM_CONVERSION = YES;
				CLANG_WARN_INFINITE_RECURSION = YES;
				CLANG_WARN_INT_CONVERSION = YES;
				CLANG_WARN_NON_LITERAL_NULL_CONVERSION = YES;
				CLANG_WARN_OBJC_IMPLICIT_RETAIN_SELF = YES;
				CLANG_WARN_OBJC_LITERAL_CONVERSION = YES;
				CLANG_WARN_OBJC_ROOT_CLASS = YES_ERROR;
				CLANG_WARN_RANGE_LOOP_ANALYSIS = YES;
				CLANG_WARN_STRICT_PROTOTYPES = YES;
				CLANG_WARN_SUSPICIOUS_MOVE = YES;
				CLANG_WARN_UNGUARDED_AVAILABILITY = YES_AGGRESSIVE;
				CLANG_WARN_UNREACHABLE_CODE = YES;
				CLANG_WARN__DUPLICATE_METHOD_MATCH = YES;
				CODE_SIGN_IDENTITY = "iPhone Developer";
				COPY_PHASE_STRIP = NO;
				DEBUG_INFORMATION_FORMAT = "dwarf-with-dsym";
				ENABLE_NS_ASSERTIONS = NO;
				ENABLE_STRICT_OBJC_MSGSEND = YES;
				GCC_C_LANGUAGE_STANDARD = gnu11;
				GCC_NO_COMMON_BLOCKS = YES;
				GCC_WARN_64_TO_32_BIT_CONVERSION = YES;
				GCC_WARN_ABOUT_RETURN_TYPE = YES_ERROR;
				GCC_WARN_UNDECLARED_SELECTOR = YES;
				GCC_WARN_UNINITIALIZED_AUTOS = YES_AGGRESSIVE;
				GCC_WARN_UNUSED_FUNCTION = YES;
				GCC_WARN_UNUSED_VARIABLE = YES;
				IPHONEOS_DEPLOYMENT_TARGET = 12.0;
				MTL_ENABLE_DEBUG_INFO = NO;
				MTL_FAST_MATH = YES;
				SDKROOT = iphoneos;
				SWIFT_COMPILATION_MODE = wholemodule;
				SWIFT_OPTIMIZATION_LEVEL = "-O";
				VALIDATE_PRODUCT = YES;
			};
			name = Release;
		};
		63B304B7216D58400062D8F2 /* Debug */ = {
			isa = XCBuildConfiguration;
			baseConfigurationReference = FA7B608EC2139B461D563E48 /* Pods-Credential.debug.xcconfig */;
			buildSettings = {
				CODE_SIGN_STYLE = Automatic;
				DEVELOPMENT_TEAM = JW976LGH97;
				LIBRARY_SEARCH_PATHS = "$(PROJECT_DIR)/../../ffi/target/universal/release";
				OTHER_LDFLAGS = "-ObjC";
				PRODUCT_NAME = "$(TARGET_NAME)";
				SKIP_INSTALL = YES;
				SWIFT_OBJC_BRIDGING_HEADER = "credential-bridging-header.h";
				SWIFT_VERSION = 4.2;
				TARGETED_DEVICE_FAMILY = "1,2";
			};
			name = Debug;
		};
		63B304B8216D58400062D8F2 /* Release */ = {
			isa = XCBuildConfiguration;
			baseConfigurationReference = 9FB079DF6D3BE960B623B30E /* Pods-Credential.release.xcconfig */;
			buildSettings = {
				CODE_SIGN_STYLE = Automatic;
				DEVELOPMENT_TEAM = JW976LGH97;
				LIBRARY_SEARCH_PATHS = "$(PROJECT_DIR)/../../ffi/target/universal/release";
				OTHER_LDFLAGS = "-ObjC";
				PRODUCT_NAME = "$(TARGET_NAME)";
				SKIP_INSTALL = YES;
				SWIFT_OBJC_BRIDGING_HEADER = "credential-bridging-header.h";
				SWIFT_VERSION = 4.2;
				TARGETED_DEVICE_FAMILY = "1,2";
			};
			name = Release;
		};
/* End XCBuildConfiguration section */

/* Begin XCConfigurationList section */
		63B304AA216D58400062D8F2 /* Build configuration list for PBXProject "Credential" */ = {
			isa = XCConfigurationList;
			buildConfigurations = (
				63B304B4216D58400062D8F2 /* Debug */,
				63B304B5216D58400062D8F2 /* Release */,
			);
			defaultConfigurationIsVisible = 0;
			defaultConfigurationName = Release;
		};
		63B304B6216D58400062D8F2 /* Build configuration list for PBXNativeTarget "Credential" */ = {
			isa = XCConfigurationList;
			buildConfigurations = (
				63B304B7216D58400062D8F2 /* Debug */,
				63B304B8216D58400062D8F2 /* Release */,
			);
			defaultConfigurationIsVisible = 0;
			defaultConfigurationName = Release;
		};
/* End XCConfigurationList section */
	};
	rootObject = 63B304A7216D58400062D8F2 /* Project object */;
}
